
Microsoft Visual Studio Solution File, Format Version 12.00
# Visual Studio Version 17
VisualStudioVersion = 17.1.32319.34
MinimumVisualStudioVersion = 10.0.40219.1
Project("{9A19103F-16F7-4668-BE54-9A1E7A4F7556}") = "NetStalkerAvalonia.Core", "NetStalkerAvalonia.Core\NetStalkerAvalonia.Core.csproj", "{DBBAAFA7-A49A-47F8-B4E1-ABD832369E17}"
EndProject
Project("{9A19103F-16F7-4668-BE54-9A1E7A4F7556}") = "NetStalker.Tests", "NetStalker.Tests\NetStalker.Tests.csproj", "{14EE7C5E-C959-46FC-90E9-B24FFF58D759}"
EndProject
Project("{FAE04EC0-301F-11D3-BF4B-00C04F79EFBC}") = "NetStalkerAvalonia.Windows", "NetStalkerAvalonia.Windows\NetStalkerAvalonia.Windows.csproj", "{E16AE650-FD95-4B6A-8D20-4FED500F2BBD}"
EndProject
Project("{FAE04EC0-301F-11D3-BF4B-00C04F79EFBC}") = "NetStalkerAvalonia.Linux", "NetStalkerAvalonia.Linux\NetStalkerAvalonia.Linux.csproj", "{CC45DCB1-82E7-40B3-A8EE-17035606B674}"
EndProject
Global
	GlobalSection(SolutionConfigurationPlatforms) = preSolution
		Debug|Any CPU = Debug|Any CPU
		Release|Any CPU = Release|Any CPU
	EndGlobalSection
	GlobalSection(ProjectConfigurationPlatforms) = postSolution
		{DBBAAFA7-A49A-47F8-B4E1-ABD832369E17}.Debug|Any CPU.ActiveCfg = Debug|Any CPU
		{DBBAAFA7-A49A-47F8-B4E1-ABD832369E17}.Debug|Any CPU.Build.0 = Debug|Any CPU
		{DBBAAFA7-A49A-47F8-B4E1-ABD832369E17}.Release|Any CPU.ActiveCfg = Release|Any CPU
		{DBBAAFA7-A49A-47F8-B4E1-ABD832369E17}.Release|Any CPU.Build.0 = Release|Any CPU
		{14EE7C5E-C959-46FC-90E9-B24FFF58D759}.Debug|Any CPU.ActiveCfg = Debug|Any CPU
		{14EE7C5E-C959-46FC-90E9-B24FFF58D759}.Debug|Any CPU.Build.0 = Debug|Any CPU
		{14EE7C5E-C959-46FC-90E9-B24FFF58D759}.Release|Any CPU.ActiveCfg = Release|Any CPU
		{14EE7C5E-C959-46FC-90E9-B24FFF58D759}.Release|Any CPU.Build.0 = Release|Any CPU
		{E16AE650-FD95-4B6A-8D20-4FED500F2BBD}.Debug|Any CPU.ActiveCfg = Debug|Any CPU
		{E16AE650-FD95-4B6A-8D20-4FED500F2BBD}.Debug|Any CPU.Build.0 = Debug|Any CPU
		{E16AE650-FD95-4B6A-8D20-4FED500F2BBD}.Release|Any CPU.ActiveCfg = Release|Any CPU
		{E16AE650-FD95-4B6A-8D20-4FED500F2BBD}.Release|Any CPU.Build.0 = Release|Any CPU
		{CC45DCB1-82E7-40B3-A8EE-17035606B674}.Debug|Any CPU.ActiveCfg = Debug|Any CPU
		{CC45DCB1-82E7-40B3-A8EE-17035606B674}.Debug|Any CPU.Build.0 = Debug|Any CPU
		{CC45DCB1-82E7-40B3-A8EE-17035606B674}.Release|Any CPU.ActiveCfg = Release|Any CPU
		{CC45DCB1-82E7-40B3-A8EE-17035606B674}.Release|Any CPU.Build.0 = Release|Any CPU
	EndGlobalSection
	GlobalSection(SolutionProperties) = preSolution
		HideSolutionNode = FALSE
	EndGlobalSection
	GlobalSection(ExtensibilityGlobals) = postSolution
		SolutionGuid = {C3AB0780-E40E-4360-9B96-0031F6920ACA}
	EndGlobalSection
EndGlobal
